
Microsoft Visual Studio Solution File, Format Version 12.00
# Visual Studio 15
VisualStudioVersion = 15.0.28307.1169
MinimumVisualStudioVersion = 10.0.40219.1
Project("{FAE04EC0-301F-11D3-BF4B-00C04F79EFBC}") = "VrcTracer", "VrcTracer\VrcTracer.csproj", "{195218D8-1D48-4E32-91B6-14D10DD32010}"
EndProject
Global
	GlobalSection(SolutionConfigurationPlatforms) = preSolution
		Debug|Any CPU = Debug|Any CPU
		Release|Any CPU = Release|Any CPU
	EndGlobalSection
	GlobalSection(ProjectConfigurationPlatforms) = postSolution
		{195218D8-1D48-4E32-91B6-14D10DD32010}.Debug|Any CPU.ActiveCfg = Debug|Any CPU
		{195218D8-1D48-4E32-91B6-14D10DD32010}.Debug|Any CPU.Build.0 = Debug|Any CPU
		{195218D8-1D48-4E32-91B6-14D10DD32010}.Release|Any CPU.ActiveCfg = Release|Any CPU
		{195218D8-1D48-4E32-91B6-14D10DD32010}.Release|Any CPU.Build.0 = Release|Any CPU
	EndGlobalSection
	GlobalSection(SolutionProperties) = preSolution
		HideSolutionNode = FALSE
	EndGlobalSection
	GlobalSection(ExtensibilityGlobals) = postSolution
		SolutionGuid = {AE8751C1-D4F4-44EE-ACE3-722DEE85A76B}
	EndGlobalSection
EndGlobal
